{
  "version": 4,
  "terraform_version": "0.13.2",
  "serial": 3,
  "lineage": "01006e8a-c80a-c1e7-a4b1-043c2dc57de9",
  "outputs": {},
  "resources": [
    {
      "mode": "managed",
      "type": "minio_s3_bucket",
      "name": "test",
      "provider": "provider[\"terraform.mutualis.com/mutualis/minio\"]",
      "instances": [
        {
          "schema_version": 0,
          "attributes": {
            "acl": "public",
            "bucket": "test",
            "bucket_domain_name": "https://backup.mutualis.com/test/?location=/minio/test",
            "bucket_prefix": null,
            "force_destroy": false,
            "id": "test"
          },
          "private": "bnVsbA=="
        }
      ]
    }
  ]
}
